
Microsoft Visual Studio Solution File, Format Version 12.00
# Visual Studio Version 17
VisualStudioVersion = 17.6.33723.286
MinimumVisualStudioVersion = 10.0.40219.1
Project("{FAE04EC0-301F-11D3-BF4B-00C04F79EFBC}") = "ConsoleApp5", "ConsoleApp5\ConsoleApp5.csproj", "{9D1A46EB-6728-4953-8055-1BA0869A582C}"
EndProject
Global
	GlobalSection(SolutionConfigurationPlatforms) = preSolution
		Debug|Any CPU = Debug|Any CPU
		Release|Any CPU = Release|Any CPU
	EndGlobalSection
	GlobalSection(ProjectConfigurationPlatforms) = postSolution
		{9D1A46EB-6728-4953-8055-1BA0869A582C}.Debug|Any CPU.ActiveCfg = Debug|Any CPU
		{9D1A46EB-6728-4953-8055-1BA0869A582C}.Debug|Any CPU.Build.0 = Debug|Any CPU
		{9D1A46EB-6728-4953-8055-1BA0869A582C}.Release|Any CPU.ActiveCfg = Release|Any CPU
		{9D1A46EB-6728-4953-8055-1BA0869A582C}.Release|Any CPU.Build.0 = Release|Any CPU
	EndGlobalSection
	GlobalSection(SolutionProperties) = preSolution
		HideSolutionNode = FALSE
	EndGlobalSection
	GlobalSection(ExtensibilityGlobals) = postSolution
		SolutionGuid = {2F7B933A-427E-4551-96DE-52E6F9CB4154}
	EndGlobalSection
EndGlobal
